%{"cowboy": {:hex, :cowboy, "1.0.0"},
  "cowlib": {:hex, :cowlib, "1.0.1"},
  "decimal": {:hex, :decimal, "1.1.0"},
  "ecto": {:hex, :ecto, "0.10.1"},
  "github_oauth": {:git, "git://github.com/lidashuang/github_oauth.git", "67fd6c1017407de32a42edc21cd0a7ea1f60b7e7", []},
  "hackney": {:hex, :hackney, "1.1.0"},
  "httpoison": {:hex, :httpoison, "0.6.2"},
  "idna": {:hex, :idna, "1.0.2"},
  "phoenix": {:hex, :phoenix, "0.10.0"},
  "phoenix_ecto": {:hex, :phoenix_ecto, "0.2.0"},
  "plug": {:hex, :plug, "0.11.1"},
  "poison": {:hex, :poison, "1.3.1"},
  "poolboy": {:hex, :poolboy, "1.4.2"},
  "postgrex": {:hex, :postgrex, "0.8.0"},
  "ranch": {:hex, :ranch, "1.0.0"},
  "ssl_verify_hostname": {:hex, :ssl_verify_hostname, "1.0.4"}}
